
Microsoft Visual Studio Solution File, Format Version 12.00
# Visual Studio Version 17
VisualStudioVersion = 17.11.35312.102
MinimumVisualStudioVersion = 10.0.40219.1
Project("{9A19103F-16F7-4668-BE54-9A1E7A4F7556}") = "TDD.Arithnetic", "TDD.Arithnetic\TDD.Arithnetic.csproj", "{E537D536-9275-4808-895A-6603752FBDDB}"
EndProject
Project("{FAE04EC0-301F-11D3-BF4B-00C04F79EFBC}") = "TDD.Arithnetic.Tests.Unit.xUnit", "TDD.Arithnetic.Tests.Unit.xUnit\TDD.Arithnetic.Tests.Unit.xUnit.csproj", "{9C4BEE20-60A2-48A3-B4F2-A0841C608BA1}"
EndProject
Global
	GlobalSection(SolutionConfigurationPlatforms) = preSolution
		Debug|Any CPU = Debug|Any CPU
		Release|Any CPU = Release|Any CPU
	EndGlobalSection
	GlobalSection(ProjectConfigurationPlatforms) = postSolution
		{E537D536-9275-4808-895A-6603752FBDDB}.Debug|Any CPU.ActiveCfg = Debug|Any CPU
		{E537D536-9275-4808-895A-6603752FBDDB}.Debug|Any CPU.Build.0 = Debug|Any CPU
		{E537D536-9275-4808-895A-6603752FBDDB}.Release|Any CPU.ActiveCfg = Release|Any CPU
		{E537D536-9275-4808-895A-6603752FBDDB}.Release|Any CPU.Build.0 = Release|Any CPU
		{9C4BEE20-60A2-48A3-B4F2-A0841C608BA1}.Debug|Any CPU.ActiveCfg = Debug|Any CPU
		{9C4BEE20-60A2-48A3-B4F2-A0841C608BA1}.Debug|Any CPU.Build.0 = Debug|Any CPU
		{9C4BEE20-60A2-48A3-B4F2-A0841C608BA1}.Release|Any CPU.ActiveCfg = Release|Any CPU
		{9C4BEE20-60A2-48A3-B4F2-A0841C608BA1}.Release|Any CPU.Build.0 = Release|Any CPU
	EndGlobalSection
	GlobalSection(SolutionProperties) = preSolution
		HideSolutionNode = FALSE
	EndGlobalSection
	GlobalSection(ExtensibilityGlobals) = postSolution
		SolutionGuid = {71A94CA6-9C7E-408F-B9DB-1B341BACADFF}
	EndGlobalSection
EndGlobal
